
Microsoft Visual Studio Solution File, Format Version 12.00
# Visual Studio Version 16
VisualStudioVersion = 16.0.30804.86
MinimumVisualStudioVersion = 10.0.40219.1
Project("{FAE04EC0-301F-11D3-BF4B-00C04F79EFBC}") = "zarOyunu", "zarOyunu\zarOyunu.csproj", "{1ADD09C6-77E3-43C6-82E6-8ED6CB2C4D8C}"
EndProject
Global
	GlobalSection(SolutionConfigurationPlatforms) = preSolution
		Debug|Any CPU = Debug|Any CPU
		Release|Any CPU = Release|Any CPU
	EndGlobalSection
	GlobalSection(ProjectConfigurationPlatforms) = postSolution
		{1ADD09C6-77E3-43C6-82E6-8ED6CB2C4D8C}.Debug|Any CPU.ActiveCfg = Debug|Any CPU
		{1ADD09C6-77E3-43C6-82E6-8ED6CB2C4D8C}.Debug|Any CPU.Build.0 = Debug|Any CPU
		{1ADD09C6-77E3-43C6-82E6-8ED6CB2C4D8C}.Release|Any CPU.ActiveCfg = Release|Any CPU
		{1ADD09C6-77E3-43C6-82E6-8ED6CB2C4D8C}.Release|Any CPU.Build.0 = Release|Any CPU
	EndGlobalSection
	GlobalSection(SolutionProperties) = preSolution
		HideSolutionNode = FALSE
	EndGlobalSection
	GlobalSection(ExtensibilityGlobals) = postSolution
		SolutionGuid = {3288E2D4-C8BD-408D-A446-CAF0B25B4E48}
	EndGlobalSection
EndGlobal
